{
  "name": "component-tester",
  "version": "0.0.1",
  "lockfileVersion": 1,
  "requires": true,
  "dependencies": {
    "@stencil/core": {
      "version": "2.7.0",
      "resolved": "https://registry.npmjs.org/@stencil/core/-/core-2.7.0.tgz",
      "integrity": "sha512-5TyOQQzAkvKACRCvjOF4Uq2T527T8WJ9u+EEwtoBA88b7PFjrgI1wbEFAkYGJLghvKi/ED+arV+NiH3ZnbVKXg=="
    }
  }
}
